github.com/FrameworkOSS/event v0.0.0-20260130023243-bbe3b6e71056 h1:0D08vlGISBt9c0KgfcgnHlCCLHK4dQASn2U72PL8b/M=
github.com/FrameworkOSS/event v0.0.0-20260130023243-bbe3b6e71056/go.mod h1:m76NLEFzF5OvDkECeNIOhXr06JYzc0LLE1QYxjDfWsA=
github.com/FrameworkOSS/feature v0.0.0-20260130023700-786c1ee0a1ef h1:8UYJj2NjjKp+Zfmc8pbPBsYCbS6uBks0Br2IijOleuo=
github.com/FrameworkOSS/feature v0.0.0-20260130023700-786c1ee0a1ef/go.mod h1:ev2VmQlQAJB236sCfsmhiJgOpohINh/4LjoZbbFO8Y0=
github.com/FrameworkOSS/feature_commands v0.0.0-20260130024452-052c78256839 h1:CiV8lHflrq8h2+L6sv28rJ1RQ/AHd0sYjhYSau9YT4s=
github.com/FrameworkOSS/feature_commands v0.0.0-20260130024452-052c78256839/go.mod h1:aRMBO5XSEvX/1eJ6VmAAXzNVMe6w8g5YtWp70oI7ZR0=
github.com/FrameworkOSS/feature_debugger v0.0.0-20260130024619-373c0e169114 h1:q5NNj4H+fVXFN1Cr3JsWci2LcNT5Z3RvNvKhshq30wQ=
github.com/FrameworkOSS/feature_debugger v0.0.0-20260130024619-373c0e169114/go.mod h1:Y7xbGAPqgLNE+CiOrQ0QBzM0Nn1h1SDfzZMSkao6zIg=
github.com/FrameworkOSS/feature_files v0.0.0-20260130024606-787205035d0d h1:pixuCqUqbe5Ocrp1wb8d9iUprcrlHSUH2exggtLpUl4=
github.com/FrameworkOSS/feature_files v0.0.0-20260130024606-787205035d0d/go.mod h1:+eZchocNqLvYWt4+4ztPIxpqJ68dtphAupNCoc5fBdk=
github.com/FrameworkOSS/feature_hellodolly v0.0.0-20260130024634-425f1e6d6dd8 h1:NgfZbDyAOFI5TlERnlztZyDcoAdjF1yKI3m6Mw5+NA4=
github.com/FrameworkOSS/feature_hellodolly v0.0.0-20260130024634-425f1e6d6dd8/go.mod h1:mv6Y9D2VcgcJjGqozONQLWTUP0wOVDm6n/gkA6sr0kw=
github.com/FrameworkOSS/feature_shell v0.0.0-20260130024730-67ffba16ac9b h1:UsOYn+hCMza7Bz9eGLy/oeiWnH/mSZ5+0dMhFYvOQOg=
github.com/FrameworkOSS/feature_shell v0.0.0-20260130024730-67ffba16ac9b/go.mod h1:Jv739ksOmcHdI+vw+KbESJFD3oiGNMfBCcQiSp7EcPc=
github.com/FrameworkOSS/feature_wires v0.0.0-20260130024520-038048c88f6d h1:ZmQb2lbaAp9gc8XtwT3NctoWq8mRssEthLn63uTw8tI=
github.com/FrameworkOSS/feature_wires v0.0.0-20260130024520-038048c88f6d/go.mod h1:Y12HTdYkOZpI669AJlfk7XzEQRmjJdM4dH/AkB/xZGI=
github.com/FrameworkOSS/portal v0.0.0-20260130024332-0ad23743c372 h1:R2vYrPRds8aOAfLFghHjVzBXik6yok+cDGLVa/GXee4=
github.com/FrameworkOSS/portal v0.0.0-20260130024332-0ad23743c372/go.mod h1:ynM8PA1/QZh0zGO+E/O8vfM47D19PiTSrTcae0hES8U=
github.com/JoshuaDoes/crunchio v0.0.4 h1:gHMvTT0rHCITPjhfxZ0huykyAUBnP94xzExyhnHcBCM=
github.com/JoshuaDoes/crunchio v0.0.4/go.mod h1:Zk8lv1MlNNb5WpMcNSr8uBgleoE5G3PpXi6MD3JImOA=
github.com/fatih/color v1.18.0 h1:S8gINlzdQ840/4pfAwic/ZE0djQEH3wM94VfqLTZcOM=
github.com/fatih/color v1.18.0/go.mod h1:4FelSpRwEGDpQ12mAdzqdOukCy4u8WUtOY6lkT/6HfU=
github.com/google/go-cmp v0.5.6 h1:BKbKCqvP6I+rmFHt06ZmyQtvB8xAkWdhFyr0ZUNZcxQ=
github.com/google/go-cmp v0.5.6/go.mod h1:v8dTdLbMG2kIc/vJvl+f65V22dbkXbowE6jgT/gNBxE=
github.com/mattn/go-colorable v0.1.14 h1:9A9LHSqF/7dyVVX6g0U9cwm9pG3kP9gSzcuIPHPsaIE=
github.com/mattn/go-colorable v0.1.14/go.mod h1:6LmQG8QLFO4G5z1gPvYEzlUgJ2wF+stgPZH1UqBm1s8=
github.com/mattn/go-isatty v0.0.20 h1:xfD0iDuEKnDkl03q4limB+vH+GxLEtL/jb4xVJSWWEY=
github.com/mattn/go-isatty v0.0.20/go.mod h1:W+V8PltTTMOvKvAeJH7IuucS94S2C6jfK/D7dTCTo3Y=
github.com/superwhiskers/crunch/v3 v3.5.7 h1:N9RLxaR65C36i26BUIpzPXGy2f6pQ7wisu2bawbKNqg=
github.com/superwhiskers/crunch/v3 v3.5.7/go.mod h1:4ub2EKgF1MAhTjoOCTU4b9uLMsAweHEa89aRrfAypXA=
golang.org/x/sys v0.6.0/go.mod h1:oPkhp1MJrh7nUepCBck5+mAzfO9JrbApNNgaTdGDITg=
golang.org/x/sys v0.40.0 h1:DBZZqJ2Rkml6QMQsZywtnjnnGvHza6BTfYFWY9kjEWQ=
golang.org/x/sys v0.40.0/go.mod h1:OgkHotnGiDImocRcuBABYBEXf8A9a87e/uXjp9XT3ks=
