github.com/FrameworkOSS/event v0.0.0-20260130010544-90b8eb8f35f7 h1:5EjJrlYyOJkqUj2JU8x7Z3YLUzYNx4O7Q6mzsOqRWFc=
github.com/FrameworkOSS/event v0.0.0-20260130010544-90b8eb8f35f7/go.mod h1:m76NLEFzF5OvDkECeNIOhXr06JYzc0LLE1QYxjDfWsA=
github.com/FrameworkOSS/feature v0.0.0-20260130010709-15fd5a56283c h1:yoR67zVnZd0wTzkMpzm2xC16jfsMzbafIMg4Yn1phUc=
github.com/FrameworkOSS/feature v0.0.0-20260130010709-15fd5a56283c/go.mod h1:Tx/h1pBNup8NFgZ3GL8PQSSvDrPC19kLDAam3+75sC0=
github.com/FrameworkOSS/feature_commands v0.0.0-20260130013210-e86a0ae311d3 h1:NNwzuX0lLMjt1t0mPim4TkU4chEfFccbDwgIKK9GX10=
github.com/FrameworkOSS/feature_commands v0.0.0-20260130013210-e86a0ae311d3/go.mod h1:lkkiIV36oRGAU8ELvX2seAcAKknya23Eyc7aq8rNlzw=
github.com/FrameworkOSS/feature_debugger v0.0.0-20260130013801-fad78d6442b9 h1:jBHkoJVI7Z8UCGlmvBu3+Pxpbjk5LL812OtvLUka/nM=
github.com/FrameworkOSS/feature_debugger v0.0.0-20260130013801-fad78d6442b9/go.mod h1:EDw8NdZsajnFA/lEyfcwx8WVy/QHsaa3o/wXpyFQrcs=
github.com/FrameworkOSS/feature_files v0.0.0-20260130014420-ab7c790d9915 h1:/dt87GSydGVUReo+rjWkPWxOoWFvGi1UKJG4ng9vJFQ=
github.com/FrameworkOSS/feature_files v0.0.0-20260130014420-ab7c790d9915/go.mod h1:q6atPerYTBfF4NGsQsDfu0RCakqzUSp38A82QzEE50M=
github.com/FrameworkOSS/feature_hellodolly v0.0.0-20260130014121-7da87cf59149 h1:fR/gh0VzfDY4adydjn+MF0StL4j+Cyt4b2ReFifKME4=
github.com/FrameworkOSS/feature_hellodolly v0.0.0-20260130014121-7da87cf59149/go.mod h1:yfm9wszqEsFlg1o5tbkqw8/epLPZ7fC0u92u+Reoo54=
github.com/FrameworkOSS/feature_shell v0.0.0-20260130015241-20707f681bc2 h1:aBjA7Xp//V6vZh11ygN3RPlXYuFlJyz0UZb6ST1I0z8=
github.com/FrameworkOSS/feature_shell v0.0.0-20260130015241-20707f681bc2/go.mod h1:K0YmmffDk6bTagard9jrK/iKrw3bMNQ9l+uXNhNmwI8=
github.com/FrameworkOSS/feature_wires v0.0.0-20260130013415-3f3492b56b5a h1:Cw2eSFLnmAO4grFpk1SQNin0vWV/A+YvyUO0ofzv3GQ=
github.com/FrameworkOSS/feature_wires v0.0.0-20260130013415-3f3492b56b5a/go.mod h1:vMvERVXq76vBaU5fy3O/ywdHT+IKqaJkzMNanlz14Kg=
github.com/FrameworkOSS/portal v0.0.0-20260130011529-bbc075df972d h1:sTF9ZE9+/eSGs3y8I7jMSNx5R5098nqz+ozmOZgb04k=
github.com/FrameworkOSS/portal v0.0.0-20260130011529-bbc075df972d/go.mod h1:pBnXBIuF5Eup0iVtV4lYUCe8Ds/9i3hAVpDaTBG/9UY=
github.com/JoshuaDoes/crunchio v0.0.4 h1:gHMvTT0rHCITPjhfxZ0huykyAUBnP94xzExyhnHcBCM=
github.com/JoshuaDoes/crunchio v0.0.4/go.mod h1:Zk8lv1MlNNb5WpMcNSr8uBgleoE5G3PpXi6MD3JImOA=
github.com/fatih/color v1.18.0 h1:S8gINlzdQ840/4pfAwic/ZE0djQEH3wM94VfqLTZcOM=
github.com/fatih/color v1.18.0/go.mod h1:4FelSpRwEGDpQ12mAdzqdOukCy4u8WUtOY6lkT/6HfU=
github.com/google/go-cmp v0.5.6 h1:BKbKCqvP6I+rmFHt06ZmyQtvB8xAkWdhFyr0ZUNZcxQ=
github.com/google/go-cmp v0.5.6/go.mod h1:v8dTdLbMG2kIc/vJvl+f65V22dbkXbowE6jgT/gNBxE=
github.com/mattn/go-colorable v0.1.14 h1:9A9LHSqF/7dyVVX6g0U9cwm9pG3kP9gSzcuIPHPsaIE=
github.com/mattn/go-colorable v0.1.14/go.mod h1:6LmQG8QLFO4G5z1gPvYEzlUgJ2wF+stgPZH1UqBm1s8=
github.com/mattn/go-isatty v0.0.20 h1:xfD0iDuEKnDkl03q4limB+vH+GxLEtL/jb4xVJSWWEY=
github.com/mattn/go-isatty v0.0.20/go.mod h1:W+V8PltTTMOvKvAeJH7IuucS94S2C6jfK/D7dTCTo3Y=
github.com/superwhiskers/crunch/v3 v3.5.7 h1:N9RLxaR65C36i26BUIpzPXGy2f6pQ7wisu2bawbKNqg=
github.com/superwhiskers/crunch/v3 v3.5.7/go.mod h1:4ub2EKgF1MAhTjoOCTU4b9uLMsAweHEa89aRrfAypXA=
golang.org/x/sys v0.6.0/go.mod h1:oPkhp1MJrh7nUepCBck5+mAzfO9JrbApNNgaTdGDITg=
golang.org/x/sys v0.40.0 h1:DBZZqJ2Rkml6QMQsZywtnjnnGvHza6BTfYFWY9kjEWQ=
golang.org/x/sys v0.40.0/go.mod h1:OgkHotnGiDImocRcuBABYBEXf8A9a87e/uXjp9XT3ks=
